
Microsoft Visual Studio Solution File, Format Version 12.00
# Visual Studio Version 17
VisualStudioVersion = 17.8.34316.72
MinimumVisualStudioVersion = 10.0.40219.1
Project("{FAE04EC0-301F-11D3-BF4B-00C04F79EFBC}") = "DonanımPazar", "DonanımPazar\DonanımPazar.csproj", "{332D3D92-8C95-4081-8347-D46F6D2AA535}"
EndProject
Global
	GlobalSection(SolutionConfigurationPlatforms) = preSolution
		Debug|Any CPU = Debug|Any CPU
		Release|Any CPU = Release|Any CPU
	EndGlobalSection
	GlobalSection(ProjectConfigurationPlatforms) = postSolution
		{332D3D92-8C95-4081-8347-D46F6D2AA535}.Debug|Any CPU.ActiveCfg = Debug|Any CPU
		{332D3D92-8C95-4081-8347-D46F6D2AA535}.Debug|Any CPU.Build.0 = Debug|Any CPU
		{332D3D92-8C95-4081-8347-D46F6D2AA535}.Release|Any CPU.ActiveCfg = Release|Any CPU
		{332D3D92-8C95-4081-8347-D46F6D2AA535}.Release|Any CPU.Build.0 = Release|Any CPU
	EndGlobalSection
	GlobalSection(SolutionProperties) = preSolution
		HideSolutionNode = FALSE
	EndGlobalSection
	GlobalSection(ExtensibilityGlobals) = postSolution
		SolutionGuid = {7937EDDC-7574-472A-83E2-19AA075A498F}
	EndGlobalSection
EndGlobal
